// !$*UTF8*$!
{
	archiveVersion = 1;
	classes = {
	};
	objectVersion = 55;
	objects = {

/* Begin PBXBuildFile section */
		C13BA19527FDDC4900E07107 /* JSONParsingTests.swift in Sources */ = {isa = PBXBuildFile; fileRef = C13BA19427FDDC4900E07107 /* JSONParsingTests.swift */; };
		C13BA1A227FEC3CD00E07107 /* APIRequest.swift in Sources */ = {isa = PBXBuildFile; fileRef = C13BA19E27FEB81500E07107 /* APIRequest.swift */; };
		C13BA1A327FEC3D000E07107 /* HTTPMethod.swift in Sources */ = {isa = PBXBuildFile; fileRef = C13BA1A027FEC38700E07107 /* HTTPMethod.swift */; };
		C13BA1A627FECE6100E07107 /* APIError.swift in Sources */ = {isa = PBXBuildFile; fileRef = C13BA1A427FECE1C00E07107 /* APIError.swift */; };
		C13BA1AA27FEF1A300E07107 /* API.swift in Sources */ = {isa = PBXBuildFile; fileRef = C13BA1A827FEF18100E07107 /* API.swift */; };
		C13BA1AF27FEF5FB00E07107 /* API+HealthChecker.swift in Sources */ = {isa = PBXBuildFile; fileRef = C13BA1AE27FEF5FB00E07107 /* API+HealthChecker.swift */; };
		C13BA1B127FEF95900E07107 /* APIRequestTests.swift in Sources */ = {isa = PBXBuildFile; fileRef = C13BA1B027FEF95900E07107 /* APIRequestTests.swift */; };
		C13BA1B327FEFC6F00E07107 /* API+FetchItemsPage.swift in Sources */ = {isa = PBXBuildFile; fileRef = C13BA1B227FEFC6F00E07107 /* API+FetchItemsPage.swift */; };
		C13BA1B527FF023800E07107 /* API+AddItem.swift in Sources */ = {isa = PBXBuildFile; fileRef = C13BA1B427FF023800E07107 /* API+AddItem.swift */; };
		C13BA1BB27FF2DB500E07107 /* ItemForRequest.swift in Sources */ = {isa = PBXBuildFile; fileRef = C13BA1BA27FF2DB500E07107 /* ItemForRequest.swift */; };
		C13BA1BD27FF3B9D00E07107 /* ImageForRequest.swift in Sources */ = {isa = PBXBuildFile; fileRef = C13BA1BC27FF3B9D00E07107 /* ImageForRequest.swift */; };
		C13BA1BF27FF44DE00E07107 /* ItemsListView+Model.swift in Sources */ = {isa = PBXBuildFile; fileRef = C13BA1BE27FF44DE00E07107 /* ItemsListView+Model.swift */; };
		C13BA1C3280027CF00E07107 /* ItemsListRowUI.swift in Sources */ = {isa = PBXBuildFile; fileRef = C13BA1C2280027CF00E07107 /* ItemsListRowUI.swift */; };
		C13BA1C528002A2200E07107 /* ItemDetailView.swift in Sources */ = {isa = PBXBuildFile; fileRef = C13BA1C428002A2200E07107 /* ItemDetailView.swift */; };
		C13BA1C72800355700E07107 /* API+FetchItemDetail.swift in Sources */ = {isa = PBXBuildFile; fileRef = C13BA1C62800355700E07107 /* API+FetchItemDetail.swift */; };
		C13BA1C92800A25400E07107 /* ItemStockUI.swift in Sources */ = {isa = PBXBuildFile; fileRef = C13BA1C82800A25400E07107 /* ItemStockUI.swift */; };
		C13BA1CB2800A47A00E07107 /* ItemPriceUI.swift in Sources */ = {isa = PBXBuildFile; fileRef = C13BA1CA2800A47A00E07107 /* ItemPriceUI.swift */; };
		C1F5A83A27FD70CB00AEDF67 /* NewOpenMarketApp.swift in Sources */ = {isa = PBXBuildFile; fileRef = C1F5A83927FD70CB00AEDF67 /* NewOpenMarketApp.swift */; };
		C1F5A83C27FD70CB00AEDF67 /* MainView+Model.swift in Sources */ = {isa = PBXBuildFile; fileRef = C1F5A83B27FD70CB00AEDF67 /* MainView+Model.swift */; };
		C1F5A83E27FD70CC00AEDF67 /* Assets.xcassets in Resources */ = {isa = PBXBuildFile; fileRef = C1F5A83D27FD70CC00AEDF67 /* Assets.xcassets */; };
		C1F5A84827FD756700AEDF67 /* Launch Screen.storyboard in Resources */ = {isa = PBXBuildFile; fileRef = C1F5A84727FD756700AEDF67 /* Launch Screen.storyboard */; };
		C1F5A84C27FD784E00AEDF67 /* Item.swift in Sources */ = {isa = PBXBuildFile; fileRef = C1F5A84B27FD784E00AEDF67 /* Item.swift */; };
		C1F5A84E27FD7C5D00AEDF67 /* Currency.swift in Sources */ = {isa = PBXBuildFile; fileRef = C1F5A84D27FD7C5D00AEDF67 /* Currency.swift */; };
		C1F5A85127FD7FE400AEDF67 /* .swiftlint.yml in Resources */ = {isa = PBXBuildFile; fileRef = C1F5A85027FD7FE400AEDF67 /* .swiftlint.yml */; };
		C1F5A85327FD8D7600AEDF67 /* ItemsPage.swift in Sources */ = {isa = PBXBuildFile; fileRef = C1F5A85227FD8D7600AEDF67 /* ItemsPage.swift */; };
		C1F5A85727FD93DA00AEDF67 /* Vendor.swift in Sources */ = {isa = PBXBuildFile; fileRef = C1F5A85627FD93DA00AEDF67 /* Vendor.swift */; };
		C1F5A85927FD943B00AEDF67 /* ImageForResponse.swift in Sources */ = {isa = PBXBuildFile; fileRef = C1F5A85827FD943B00AEDF67 /* ImageForResponse.swift */; };
		C1F5A88827FDC78000AEDF67 /* JSONManager.swift in Sources */ = {isa = PBXBuildFile; fileRef = C1F5A88727FDC78000AEDF67 /* JSONManager.swift */; };
		C1FBDBDC280229E70091D910 /* NetworkDisabledUI.swift in Sources */ = {isa = PBXBuildFile; fileRef = C1FBDBDB280229E70091D910 /* NetworkDisabledUI.swift */; };
/* End PBXBuildFile section */

/* Begin PBXContainerItemProxy section */
		C1F5A86227FD986E00AEDF67 /* PBXContainerItemProxy */ = {
			isa = PBXContainerItemProxy;
			containerPortal = C1F5A82E27FD70CB00AEDF67 /* Project object */;
			proxyType = 1;
			remoteGlobalIDString = C1F5A83527FD70CB00AEDF67;
			remoteInfo = NewOpenMarket;
		};
/* End PBXContainerItemProxy section */

/* Begin PBXFileReference section */
		C13BA19427FDDC4900E07107 /* JSONParsingTests.swift */ = {isa = PBXFileReference; lastKnownFileType = sourcecode.swift; path = JSONParsingTests.swift; sourceTree = "<group>"; };
		C13BA19E27FEB81500E07107 /* APIRequest.swift */ = {isa = PBXFileReference; lastKnownFileType = sourcecode.swift; path = APIRequest.swift; sourceTree = "<group>"; };
		C13BA1A027FEC38700E07107 /* HTTPMethod.swift */ = {isa = PBXFileReference; lastKnownFileType = sourcecode.swift; path = HTTPMethod.swift; sourceTree = "<group>"; };
		C13BA1A427FECE1C00E07107 /* APIError.swift */ = {isa = PBXFileReference; lastKnownFileType = sourcecode.swift; path = APIError.swift; sourceTree = "<group>"; };
		C13BA1A827FEF18100E07107 /* API.swift */ = {isa = PBXFileReference; lastKnownFileType = sourcecode.swift; path = API.swift; sourceTree = "<group>"; };
		C13BA1AE27FEF5FB00E07107 /* API+HealthChecker.swift */ = {isa = PBXFileReference; lastKnownFileType = sourcecode.swift; path = "API+HealthChecker.swift"; sourceTree = "<group>"; };
		C13BA1B027FEF95900E07107 /* APIRequestTests.swift */ = {isa = PBXFileReference; lastKnownFileType = sourcecode.swift; path = APIRequestTests.swift; sourceTree = "<group>"; };
		C13BA1B227FEFC6F00E07107 /* API+FetchItemsPage.swift */ = {isa = PBXFileReference; lastKnownFileType = sourcecode.swift; path = "API+FetchItemsPage.swift"; sourceTree = "<group>"; };
		C13BA1B427FF023800E07107 /* API+AddItem.swift */ = {isa = PBXFileReference; lastKnownFileType = sourcecode.swift; path = "API+AddItem.swift"; sourceTree = "<group>"; };
		C13BA1BA27FF2DB500E07107 /* ItemForRequest.swift */ = {isa = PBXFileReference; lastKnownFileType = sourcecode.swift; path = ItemForRequest.swift; sourceTree = "<group>"; };
		C13BA1BC27FF3B9D00E07107 /* ImageForRequest.swift */ = {isa = PBXFileReference; lastKnownFileType = sourcecode.swift; path = ImageForRequest.swift; sourceTree = "<group>"; };
		C13BA1BE27FF44DE00E07107 /* ItemsListView+Model.swift */ = {isa = PBXFileReference; lastKnownFileType = sourcecode.swift; path = "ItemsListView+Model.swift"; sourceTree = "<group>"; };
		C13BA1C2280027CF00E07107 /* ItemsListRowUI.swift */ = {isa = PBXFileReference; lastKnownFileType = sourcecode.swift; path = ItemsListRowUI.swift; sourceTree = "<group>"; };
		C13BA1C428002A2200E07107 /* ItemDetailView.swift */ = {isa = PBXFileReference; lastKnownFileType = sourcecode.swift; path = ItemDetailView.swift; sourceTree = "<group>"; };
		C13BA1C62800355700E07107 /* API+FetchItemDetail.swift */ = {isa = PBXFileReference; lastKnownFileType = sourcecode.swift; path = "API+FetchItemDetail.swift"; sourceTree = "<group>"; };
		C13BA1C82800A25400E07107 /* ItemStockUI.swift */ = {isa = PBXFileReference; lastKnownFileType = sourcecode.swift; path = ItemStockUI.swift; sourceTree = "<group>"; };
		C13BA1CA2800A47A00E07107 /* ItemPriceUI.swift */ = {isa = PBXFileReference; lastKnownFileType = sourcecode.swift; path = ItemPriceUI.swift; sourceTree = "<group>"; };
		C1F5A83627FD70CB00AEDF67 /* NewOpenMarket.app */ = {isa = PBXFileReference; explicitFileType = wrapper.application; includeInIndex = 0; path = NewOpenMarket.app; sourceTree = BUILT_PRODUCTS_DIR; };
		C1F5A83927FD70CB00AEDF67 /* NewOpenMarketApp.swift */ = {isa = PBXFileReference; lastKnownFileType = sourcecode.swift; path = NewOpenMarketApp.swift; sourceTree = "<group>"; };
		C1F5A83B27FD70CB00AEDF67 /* MainView+Model.swift */ = {isa = PBXFileReference; lastKnownFileType = sourcecode.swift; path = "MainView+Model.swift"; sourceTree = "<group>"; };
		C1F5A83D27FD70CC00AEDF67 /* Assets.xcassets */ = {isa = PBXFileReference; lastKnownFileType = folder.assetcatalog; path = Assets.xcassets; sourceTree = "<group>"; };
		C1F5A84727FD756700AEDF67 /* Launch Screen.storyboard */ = {isa = PBXFileReference; lastKnownFileType = file.storyboard; path = "Launch Screen.storyboard"; sourceTree = "<group>"; };
		C1F5A84B27FD784E00AEDF67 /* Item.swift */ = {isa = PBXFileReference; lastKnownFileType = sourcecode.swift; path = Item.swift; sourceTree = "<group>"; };
		C1F5A84D27FD7C5D00AEDF67 /* Currency.swift */ = {isa = PBXFileReference; lastKnownFileType = sourcecode.swift; path = Currency.swift; sourceTree = "<group>"; };
		C1F5A85027FD7FE400AEDF67 /* .swiftlint.yml */ = {isa = PBXFileReference; lastKnownFileType = text.yaml; path = .swiftlint.yml; sourceTree = "<group>"; };
		C1F5A85227FD8D7600AEDF67 /* ItemsPage.swift */ = {isa = PBXFileReference; lastKnownFileType = sourcecode.swift; path = ItemsPage.swift; sourceTree = "<group>"; };
		C1F5A85627FD93DA00AEDF67 /* Vendor.swift */ = {isa = PBXFileReference; lastKnownFileType = sourcecode.swift; path = Vendor.swift; sourceTree = "<group>"; };
		C1F5A85827FD943B00AEDF67 /* ImageForResponse.swift */ = {isa = PBXFileReference; lastKnownFileType = sourcecode.swift; path = ImageForResponse.swift; sourceTree = "<group>"; };
		C1F5A85E27FD986E00AEDF67 /* UnitTests.xctest */ = {isa = PBXFileReference; explicitFileType = wrapper.cfbundle; includeInIndex = 0; path = UnitTests.xctest; sourceTree = BUILT_PRODUCTS_DIR; };
		C1F5A88727FDC78000AEDF67 /* JSONManager.swift */ = {isa = PBXFileReference; lastKnownFileType = sourcecode.swift; path = JSONManager.swift; sourceTree = "<group>"; };
		C1FBDBDB280229E70091D910 /* NetworkDisabledUI.swift */ = {isa = PBXFileReference; lastKnownFileType = sourcecode.swift; path = NetworkDisabledUI.swift; sourceTree = "<group>"; };
/* End PBXFileReference section */

/* Begin PBXFrameworksBuildPhase section */
		C1F5A83327FD70CB00AEDF67 /* Frameworks */ = {
			isa = PBXFrameworksBuildPhase;
			buildActionMask = 2147483647;
			files = (
			);
			runOnlyForDeploymentPostprocessing = 0;
		};
		C1F5A85B27FD986E00AEDF67 /* Frameworks */ = {
			isa = PBXFrameworksBuildPhase;
			buildActionMask = 2147483647;
			files = (
			);
			runOnlyForDeploymentPostprocessing = 0;
		};
/* End PBXFrameworksBuildPhase section */

/* Begin PBXGroup section */
		C13BA19927FDF99200E07107 /* AppDelegate */ = {
			isa = PBXGroup;
			children = (
				C1F5A83927FD70CB00AEDF67 /* NewOpenMarketApp.swift */,
			);
			path = AppDelegate;
			sourceTree = "<group>";
		};
		C13BA19A27FDF99B00E07107 /* Resource */ = {
			isa = PBXGroup;
			children = (
				C1F5A84727FD756700AEDF67 /* Launch Screen.storyboard */,
				C1F5A83D27FD70CC00AEDF67 /* Assets.xcassets */,
			);
			path = Resource;
			sourceTree = "<group>";
		};
		C13BA19D27FEB7FE00E07107 /* Network */ = {
			isa = PBXGroup;
			children = (
				C13BA19E27FEB81500E07107 /* APIRequest.swift */,
				C13BA1A427FECE1C00E07107 /* APIError.swift */,
				C13BA1A027FEC38700E07107 /* HTTPMethod.swift */,
				C13BA1A727FEF17300E07107 /* API */,
			);
			path = Network;
			sourceTree = "<group>";
		};
		C13BA1A727FEF17300E07107 /* API */ = {
			isa = PBXGroup;
			children = (
				C13BA1A827FEF18100E07107 /* API.swift */,
				C13BA1AE27FEF5FB00E07107 /* API+HealthChecker.swift */,
				C13BA1B227FEFC6F00E07107 /* API+FetchItemsPage.swift */,
				C13BA1C62800355700E07107 /* API+FetchItemDetail.swift */,
				C13BA1B427FF023800E07107 /* API+AddItem.swift */,
			);
			path = API;
			sourceTree = "<group>";
		};
		C13BA1B927FF2D2100E07107 /* RequestModel */ = {
			isa = PBXGroup;
			children = (
				C13BA1BA27FF2DB500E07107 /* ItemForRequest.swift */,
				C13BA1BC27FF3B9D00E07107 /* ImageForRequest.swift */,
			);
			path = RequestModel;
			sourceTree = "<group>";
		};
		C13BA1CC2800A62700E07107 /* SmallUI */ = {
			isa = PBXGroup;
			children = (
				C13BA1C2280027CF00E07107 /* ItemsListRowUI.swift */,
				C13BA1C82800A25400E07107 /* ItemStockUI.swift */,
				C13BA1CA2800A47A00E07107 /* ItemPriceUI.swift */,
				C1FBDBDB280229E70091D910 /* NetworkDisabledUI.swift */,
			);
			path = SmallUI;
			sourceTree = "<group>";
		};
		C1F5A82D27FD70CB00AEDF67 = {
			isa = PBXGroup;
			children = (
				C1F5A85027FD7FE400AEDF67 /* .swiftlint.yml */,
				C1F5A83827FD70CB00AEDF67 /* Source */,
				C1F5A85F27FD986E00AEDF67 /* UnitTests */,
				C1F5A83727FD70CB00AEDF67 /* Products */,
			);
			sourceTree = "<group>";
		};
		C1F5A83727FD70CB00AEDF67 /* Products */ = {
			isa = PBXGroup;
			children = (
				C1F5A83627FD70CB00AEDF67 /* NewOpenMarket.app */,
				C1F5A85E27FD986E00AEDF67 /* UnitTests.xctest */,
			);
			name = Products;
			sourceTree = "<group>";
		};
		C1F5A83827FD70CB00AEDF67 /* Source */ = {
			isa = PBXGroup;
			children = (
				C13BA19D27FEB7FE00E07107 /* Network */,
				C1F5A84A27FD77A200AEDF67 /* View(+Model) */,
				C1F5A84927FD779C00AEDF67 /* Model */,
				C1F5A88627FDC76600AEDF67 /* Utility */,
				C13BA19927FDF99200E07107 /* AppDelegate */,
				C13BA19A27FDF99B00E07107 /* Resource */,
			);
			path = Source;
			sourceTree = "<group>";
		};
		C1F5A84927FD779C00AEDF67 /* Model */ = {
			isa = PBXGroup;
			children = (
				C1F5A85227FD8D7600AEDF67 /* ItemsPage.swift */,
				C1F5A84B27FD784E00AEDF67 /* Item.swift */,
				C1F5A85827FD943B00AEDF67 /* ImageForResponse.swift */,
				C1F5A85627FD93DA00AEDF67 /* Vendor.swift */,
				C1F5A84D27FD7C5D00AEDF67 /* Currency.swift */,
				C13BA1B927FF2D2100E07107 /* RequestModel */,
			);
			path = Model;
			sourceTree = "<group>";
		};
		C1F5A84A27FD77A200AEDF67 /* View(+Model) */ = {
			isa = PBXGroup;
			children = (
				C1F5A83B27FD70CB00AEDF67 /* MainView+Model.swift */,
				C13BA1BE27FF44DE00E07107 /* ItemsListView+Model.swift */,
				C13BA1C428002A2200E07107 /* ItemDetailView.swift */,
				C13BA1CC2800A62700E07107 /* SmallUI */,
			);
			path = "View(+Model)";
			sourceTree = "<group>";
		};
		C1F5A85F27FD986E00AEDF67 /* UnitTests */ = {
			isa = PBXGroup;
			children = (
				C13BA19427FDDC4900E07107 /* JSONParsingTests.swift */,
				C13BA1B027FEF95900E07107 /* APIRequestTests.swift */,
			);
			path = UnitTests;
			sourceTree = "<group>";
		};
		C1F5A88627FDC76600AEDF67 /* Utility */ = {
			isa = PBXGroup;
			children = (
				C1F5A88727FDC78000AEDF67 /* JSONManager.swift */,
			);
			path = Utility;
			sourceTree = "<group>";
		};
/* End PBXGroup section */

/* Begin PBXNativeTarget section */
		C1F5A83527FD70CB00AEDF67 /* NewOpenMarket */ = {
			isa = PBXNativeTarget;
			buildConfigurationList = C1F5A84427FD70CC00AEDF67 /* Build configuration list for PBXNativeTarget "NewOpenMarket" */;
			buildPhases = (
				C1F5A83227FD70CB00AEDF67 /* Sources */,
				C1F5A83327FD70CB00AEDF67 /* Frameworks */,
				C1F5A83427FD70CB00AEDF67 /* Resources */,
				C1F5A84F27FD7F6800AEDF67 /* ShellScript */,
			);
			buildRules = (
			);
			dependencies = (
			);
			name = NewOpenMarket;
			productName = NewOpenMarket;
			productReference = C1F5A83627FD70CB00AEDF67 /* NewOpenMarket.app */;
			productType = "com.apple.product-type.application";
		};
		C1F5A85D27FD986E00AEDF67 /* UnitTests */ = {
			isa = PBXNativeTarget;
			buildConfigurationList = C1F5A86427FD986E00AEDF67 /* Build configuration list for PBXNativeTarget "UnitTests" */;
			buildPhases = (
				C1F5A85A27FD986E00AEDF67 /* Sources */,
				C1F5A85B27FD986E00AEDF67 /* Frameworks */,
				C1F5A85C27FD986E00AEDF67 /* Resources */,
			);
			buildRules = (
			);
			dependencies = (
				C1F5A86327FD986E00AEDF67 /* PBXTargetDependency */,
			);
			name = UnitTests;
			productName = JSONParsingTests;
			productReference = C1F5A85E27FD986E00AEDF67 /* UnitTests.xctest */;
			productType = "com.apple.product-type.bundle.unit-test";
		};
/* End PBXNativeTarget section */

/* Begin PBXProject section */
		C1F5A82E27FD70CB00AEDF67 /* Project object */ = {
			isa = PBXProject;
			attributes = {
				BuildIndependentTargetsInParallel = 1;
				LastSwiftUpdateCheck = 1330;
				LastUpgradeCheck = 1330;
				TargetAttributes = {
					C1F5A83527FD70CB00AEDF67 = {
						CreatedOnToolsVersion = 13.3;
					};
					C1F5A85D27FD986E00AEDF67 = {
						CreatedOnToolsVersion = 13.3;
						TestTargetID = C1F5A83527FD70CB00AEDF67;
					};
				};
			};
			buildConfigurationList = C1F5A83127FD70CB00AEDF67 /* Build configuration list for PBXProject "NewOpenMarket" */;
			compatibilityVersion = "Xcode 13.0";
			developmentRegion = en;
			hasScannedForEncodings = 0;
			knownRegions = (
				en,
				Base,
			);
			mainGroup = C1F5A82D27FD70CB00AEDF67;
			productRefGroup = C1F5A83727FD70CB00AEDF67 /* Products */;
			projectDirPath = "";
			projectRoot = "";
			targets = (
				C1F5A83527FD70CB00AEDF67 /* NewOpenMarket */,
				C1F5A85D27FD986E00AEDF67 /* UnitTests */,
			);
		};
/* End PBXProject section */

/* Begin PBXResourcesBuildPhase section */
		C1F5A83427FD70CB00AEDF67 /* Resources */ = {
			isa = PBXResourcesBuildPhase;
			buildActionMask = 2147483647;
			files = (
				C1F5A85127FD7FE400AEDF67 /* .swiftlint.yml in Resources */,
				C1F5A84827FD756700AEDF67 /* Launch Screen.storyboard in Resources */,
				C1F5A83E27FD70CC00AEDF67 /* Assets.xcassets in Resources */,
			);
			runOnlyForDeploymentPostprocessing = 0;
		};
		C1F5A85C27FD986E00AEDF67 /* Resources */ = {
			isa = PBXResourcesBuildPhase;
			buildActionMask = 2147483647;
			files = (
			);
			runOnlyForDeploymentPostprocessing = 0;
		};
/* End PBXResourcesBuildPhase section */

/* Begin PBXShellScriptBuildPhase section */
		C1F5A84F27FD7F6800AEDF67 /* ShellScript */ = {
			isa = PBXShellScriptBuildPhase;
			buildActionMask = 8;
			files = (
			);
			inputFileListPaths = (
			);
			inputPaths = (
			);
			outputFileListPaths = (
			);
			outputPaths = (
			);
			runOnlyForDeploymentPostprocessing = 1;
			shellPath = /bin/sh;
			shellScript = "export PATH=\"$PATH:/opt/homebrew/bin\"\nif which swiftlint > /dev/null; then\n  swiftlint\nelse\n  echo \"warning: SwiftLint not installed, download from https://github.com/realm/SwiftLint\"\nfi\n";
		};
/* End PBXShellScriptBuildPhase section */

/* Begin PBXSourcesBuildPhase section */
		C1F5A83227FD70CB00AEDF67 /* Sources */ = {
			isa = PBXSourcesBuildPhase;
			buildActionMask = 2147483647;
			files = (
				C13BA1C528002A2200E07107 /* ItemDetailView.swift in Sources */,
				C1F5A85927FD943B00AEDF67 /* ImageForResponse.swift in Sources */,
				C13BA1CB2800A47A00E07107 /* ItemPriceUI.swift in Sources */,
				C13BA1BF27FF44DE00E07107 /* ItemsListView+Model.swift in Sources */,
				C1F5A88827FDC78000AEDF67 /* JSONManager.swift in Sources */,
				C1F5A84E27FD7C5D00AEDF67 /* Currency.swift in Sources */,
				C13BA1B527FF023800E07107 /* API+AddItem.swift in Sources */,
				C1F5A83C27FD70CB00AEDF67 /* MainView+Model.swift in Sources */,
				C13BA1BD27FF3B9D00E07107 /* ImageForRequest.swift in Sources */,
				C13BA1AF27FEF5FB00E07107 /* API+HealthChecker.swift in Sources */,
				C1F5A85327FD8D7600AEDF67 /* ItemsPage.swift in Sources */,
				C13BA1C3280027CF00E07107 /* ItemsListRowUI.swift in Sources */,
				C1F5A85727FD93DA00AEDF67 /* Vendor.swift in Sources */,
				C1F5A84C27FD784E00AEDF67 /* Item.swift in Sources */,
				C1FBDBDC280229E70091D910 /* NetworkDisabledUI.swift in Sources */,
				C13BA1A227FEC3CD00E07107 /* APIRequest.swift in Sources */,
				C13BA1A327FEC3D000E07107 /* HTTPMethod.swift in Sources */,
				C13BA1C72800355700E07107 /* API+FetchItemDetail.swift in Sources */,
				C1F5A83A27FD70CB00AEDF67 /* NewOpenMarketApp.swift in Sources */,
				C13BA1AA27FEF1A300E07107 /* API.swift in Sources */,
				C13BA1A627FECE6100E07107 /* APIError.swift in Sources */,
				C13BA1BB27FF2DB500E07107 /* ItemForRequest.swift in Sources */,
				C13BA1B327FEFC6F00E07107 /* API+FetchItemsPage.swift in Sources */,
				C13BA1C92800A25400E07107 /* ItemStockUI.swift in Sources */,
			);
			runOnlyForDeploymentPostprocessing = 0;
		};
		C1F5A85A27FD986E00AEDF67 /* Sources */ = {
			isa = PBXSourcesBuildPhase;
			buildActionMask = 2147483647;
			files = (
				C13BA1B127FEF95900E07107 /* APIRequestTests.swift in Sources */,
				C13BA19527FDDC4900E07107 /* JSONParsingTests.swift in Sources */,
			);
			runOnlyForDeploymentPostprocessing = 0;
		};
/* End PBXSourcesBuildPhase section */

/* Begin PBXTargetDependency section */
		C1F5A86327FD986E00AEDF67 /* PBXTargetDependency */ = {
			isa = PBXTargetDependency;
			target = C1F5A83527FD70CB00AEDF67 /* NewOpenMarket */;
			targetProxy = C1F5A86227FD986E00AEDF67 /* PBXContainerItemProxy */;
		};
/* End PBXTargetDependency section */

/* Begin XCBuildConfiguration section */
		C1F5A84227FD70CC00AEDF67 /* Debug */ = {
			isa = XCBuildConfiguration;
			buildSettings = {
				ALWAYS_SEARCH_USER_PATHS = NO;
				CLANG_ANALYZER_NONNULL = YES;
				CLANG_ANALYZER_NUMBER_OBJECT_CONVERSION = YES_AGGRESSIVE;
				CLANG_CXX_LANGUAGE_STANDARD = "gnu++17";
				CLANG_ENABLE_MODULES = YES;
				CLANG_ENABLE_OBJC_ARC = YES;
				CLANG_ENABLE_OBJC_WEAK = YES;
				CLANG_WARN_BLOCK_CAPTURE_AUTORELEASING = YES;
				CLANG_WARN_BOOL_CONVERSION = YES;
				CLANG_WARN_COMMA = YES;
				CLANG_WARN_CONSTANT_CONVERSION = YES;
				CLANG_WARN_DEPRECATED_OBJC_IMPLEMENTATIONS = YES;
				CLANG_WARN_DIRECT_OBJC_ISA_USAGE = YES_ERROR;
				CLANG_WARN_DOCUMENTATION_COMMENTS = YES;
				CLANG_WARN_EMPTY_BODY = YES;
				CLANG_WARN_ENUM_CONVERSION = YES;
				CLANG_WARN_INFINITE_RECURSION = YES;
				CLANG_WARN_INT_CONVERSION = YES;
				CLANG_WARN_NON_LITERAL_NULL_CONVERSION = YES;
				CLANG_WARN_OBJC_IMPLICIT_RETAIN_SELF = YES;
				CLANG_WARN_OBJC_LITERAL_CONVERSION = YES;
				CLANG_WARN_OBJC_ROOT_CLASS = YES_ERROR;
				CLANG_WARN_QUOTED_INCLUDE_IN_FRAMEWORK_HEADER = YES;
				CLANG_WARN_RANGE_LOOP_ANALYSIS = YES;
				CLANG_WARN_STRICT_PROTOTYPES = YES;
				CLANG_WARN_SUSPICIOUS_MOVE = YES;
				CLANG_WARN_UNGUARDED_AVAILABILITY = YES_AGGRESSIVE;
				CLANG_WARN_UNREACHABLE_CODE = YES;
				CLANG_WARN__DUPLICATE_METHOD_MATCH = YES;
				COPY_PHASE_STRIP = NO;
				DEBUG_INFORMATION_FORMAT = dwarf;
				ENABLE_STRICT_OBJC_MSGSEND = YES;
				ENABLE_TESTABILITY = YES;
				GCC_C_LANGUAGE_STANDARD = gnu11;
				GCC_DYNAMIC_NO_PIC = NO;
				GCC_NO_COMMON_BLOCKS = YES;
				GCC_OPTIMIZATION_LEVEL = 0;
				GCC_PREPROCESSOR_DEFINITIONS = (
					"DEBUG=1",
					"$(inherited)",
				);
				GCC_WARN_64_TO_32_BIT_CONVERSION = YES;
				GCC_WARN_ABOUT_RETURN_TYPE = YES_ERROR;
				GCC_WARN_UNDECLARED_SELECTOR = YES;
				GCC_WARN_UNINITIALIZED_AUTOS = YES_AGGRESSIVE;
				GCC_WARN_UNUSED_FUNCTION = YES;
				GCC_WARN_UNUSED_VARIABLE = YES;
				IPHONEOS_DEPLOYMENT_TARGET = 15.0;
				MTL_ENABLE_DEBUG_INFO = INCLUDE_SOURCE;
				MTL_FAST_MATH = YES;
				ONLY_ACTIVE_ARCH = YES;
				SDKROOT = iphoneos;
				SWIFT_ACTIVE_COMPILATION_CONDITIONS = DEBUG;
				SWIFT_OPTIMIZATION_LEVEL = "-Onone";
			};
			name = Debug;
		};
		C1F5A84327FD70CC00AEDF67 /* Release */ = {
			isa = XCBuildConfiguration;
			buildSettings = {
				ALWAYS_SEARCH_USER_PATHS = NO;
				CLANG_ANALYZER_NONNULL = YES;
				CLANG_ANALYZER_NUMBER_OBJECT_CONVERSION = YES_AGGRESSIVE;
				CLANG_CXX_LANGUAGE_STANDARD = "gnu++17";
				CLANG_ENABLE_MODULES = YES;
				CLANG_ENABLE_OBJC_ARC = YES;
				CLANG_ENABLE_OBJC_WEAK = YES;
				CLANG_WARN_BLOCK_CAPTURE_AUTORELEASING = YES;
				CLANG_WARN_BOOL_CONVERSION = YES;
				CLANG_WARN_COMMA = YES;
				CLANG_WARN_CONSTANT_CONVERSION = YES;
				CLANG_WARN_DEPRECATED_OBJC_IMPLEMENTATIONS = YES;
				CLANG_WARN_DIRECT_OBJC_ISA_USAGE = YES_ERROR;
				CLANG_WARN_DOCUMENTATION_COMMENTS = YES;
				CLANG_WARN_EMPTY_BODY = YES;
				CLANG_WARN_ENUM_CONVERSION = YES;
				CLANG_WARN_INFINITE_RECURSION = YES;
				CLANG_WARN_INT_CONVERSION = YES;
				CLANG_WARN_NON_LITERAL_NULL_CONVERSION = YES;
				CLANG_WARN_OBJC_IMPLICIT_RETAIN_SELF = YES;
				CLANG_WARN_OBJC_LITERAL_CONVERSION = YES;
				CLANG_WARN_OBJC_ROOT_CLASS = YES_ERROR;
				CLANG_WARN_QUOTED_INCLUDE_IN_FRAMEWORK_HEADER = YES;
				CLANG_WARN_RANGE_LOOP_ANALYSIS = YES;
				CLANG_WARN_STRICT_PROTOTYPES = YES;
				CLANG_WARN_SUSPICIOUS_MOVE = YES;
				CLANG_WARN_UNGUARDED_AVAILABILITY = YES_AGGRESSIVE;
				CLANG_WARN_UNREACHABLE_CODE = YES;
				CLANG_WARN__DUPLICATE_METHOD_MATCH = YES;
				COPY_PHASE_STRIP = NO;
				DEBUG_INFORMATION_FORMAT = "dwarf-with-dsym";
				ENABLE_NS_ASSERTIONS = NO;
				ENABLE_STRICT_OBJC_MSGSEND = YES;
				GCC_C_LANGUAGE_STANDARD = gnu11;
				GCC_NO_COMMON_BLOCKS = YES;
				GCC_WARN_64_TO_32_BIT_CONVERSION = YES;
				GCC_WARN_ABOUT_RETURN_TYPE = YES_ERROR;
				GCC_WARN_UNDECLARED_SELECTOR = YES;
				GCC_WARN_UNINITIALIZED_AUTOS = YES_AGGRESSIVE;
				GCC_WARN_UNUSED_FUNCTION = YES;
				GCC_WARN_UNUSED_VARIABLE = YES;
				IPHONEOS_DEPLOYMENT_TARGET = 15.0;
				MTL_ENABLE_DEBUG_INFO = NO;
				MTL_FAST_MATH = YES;
				SDKROOT = iphoneos;
				SWIFT_COMPILATION_MODE = wholemodule;
				SWIFT_OPTIMIZATION_LEVEL = "-O";
				VALIDATE_PRODUCT = YES;
			};
			name = Release;
		};
		C1F5A84527FD70CC00AEDF67 /* Debug */ = {
			isa = XCBuildConfiguration;
			buildSettings = {
				ASSETCATALOG_COMPILER_APPICON_NAME = AppIcon;
				ASSETCATALOG_COMPILER_GLOBAL_ACCENT_COLOR_NAME = AccentColor;
				CODE_SIGN_STYLE = Automatic;
				CURRENT_PROJECT_VERSION = 1;
				DEVELOPMENT_ASSET_PATHS = "";
				DEVELOPMENT_TEAM = A5LBYGCGKX;
				ENABLE_PREVIEWS = YES;
				GENERATE_INFOPLIST_FILE = YES;
				INFOPLIST_KEY_UIApplicationSceneManifest_Generation = YES;
				INFOPLIST_KEY_UIApplicationSupportsIndirectInputEvents = YES;
				INFOPLIST_KEY_UILaunchScreen_Generation = YES;
				INFOPLIST_KEY_UILaunchStoryboardName = "Launch Screen";
				INFOPLIST_KEY_UISupportedInterfaceOrientations = UIInterfaceOrientationPortrait;
				INFOPLIST_KEY_UISupportedInterfaceOrientations_iPad = "UIInterfaceOrientationPortrait UIInterfaceOrientationPortraitUpsideDown UIInterfaceOrientationLandscapeLeft UIInterfaceOrientationLandscapeRight";
				INFOPLIST_KEY_UISupportedInterfaceOrientations_iPhone = "UIInterfaceOrientationPortrait UIInterfaceOrientationLandscapeLeft UIInterfaceOrientationLandscapeRight";
				LD_RUNPATH_SEARCH_PATHS = (
					"$(inherited)",
					"@executable_path/Frameworks",
				);
				MARKETING_VERSION = 1.0;
				PRODUCT_BUNDLE_IDENTIFIER = com.tistory.bicycleforthemind.NewOpenMarket;
				PRODUCT_NAME = "$(TARGET_NAME)";
				SWIFT_EMIT_LOC_STRINGS = YES;
				SWIFT_VERSION = 5.0;
				TARGETED_DEVICE_FAMILY = "1,2";
			};
			name = Debug;
		};
		C1F5A84627FD70CC00AEDF67 /* Release */ = {
			isa = XCBuildConfiguration;
			buildSettings = {
				ASSETCATALOG_COMPILER_APPICON_NAME = AppIcon;
				ASSETCATALOG_COMPILER_GLOBAL_ACCENT_COLOR_NAME = AccentColor;
				CODE_SIGN_STYLE = Automatic;
				CURRENT_PROJECT_VERSION = 1;
				DEVELOPMENT_ASSET_PATHS = "";
				DEVELOPMENT_TEAM = A5LBYGCGKX;
				ENABLE_PREVIEWS = YES;
				GENERATE_INFOPLIST_FILE = YES;
				INFOPLIST_KEY_UIApplicationSceneManifest_Generation = YES;
				INFOPLIST_KEY_UIApplicationSupportsIndirectInputEvents = YES;
				INFOPLIST_KEY_UILaunchScreen_Generation = YES;
				INFOPLIST_KEY_UILaunchStoryboardName = "Launch Screen";
				INFOPLIST_KEY_UISupportedInterfaceOrientations = UIInterfaceOrientationPortrait;
				INFOPLIST_KEY_UISupportedInterfaceOrientations_iPad = "UIInterfaceOrientationPortrait UIInterfaceOrientationPortraitUpsideDown UIInterfaceOrientationLandscapeLeft UIInterfaceOrientationLandscapeRight";
				INFOPLIST_KEY_UISupportedInterfaceOrientations_iPhone = "UIInterfaceOrientationPortrait UIInterfaceOrientationLandscapeLeft UIInterfaceOrientationLandscapeRight";
				LD_RUNPATH_SEARCH_PATHS = (
					"$(inherited)",
					"@executable_path/Frameworks",
				);
				MARKETING_VERSION = 1.0;
				PRODUCT_BUNDLE_IDENTIFIER = com.tistory.bicycleforthemind.NewOpenMarket;
				PRODUCT_NAME = "$(TARGET_NAME)";
				SWIFT_EMIT_LOC_STRINGS = YES;
				SWIFT_VERSION = 5.0;
				TARGETED_DEVICE_FAMILY = "1,2";
			};
			name = Release;
		};
		C1F5A86527FD986E00AEDF67 /* Debug */ = {
			isa = XCBuildConfiguration;
			buildSettings = {
				BUNDLE_LOADER = "$(TEST_HOST)";
				CODE_SIGN_STYLE = Automatic;
				CURRENT_PROJECT_VERSION = 1;
				DEVELOPMENT_TEAM = A5LBYGCGKX;
				GENERATE_INFOPLIST_FILE = YES;
				IPHONEOS_DEPLOYMENT_TARGET = 15.4;
				MARKETING_VERSION = 1.0;
				PRODUCT_BUNDLE_IDENTIFIER = com.tistory.bicycleforthemind.JSONParsingTests;
				PRODUCT_NAME = "$(TARGET_NAME)";
				SWIFT_EMIT_LOC_STRINGS = NO;
				SWIFT_VERSION = 5.0;
				TARGETED_DEVICE_FAMILY = "1,2";
				TEST_HOST = "$(BUILT_PRODUCTS_DIR)/NewOpenMarket.app/NewOpenMarket";
			};
			name = Debug;
		};
		C1F5A86627FD986E00AEDF67 /* Release */ = {
			isa = XCBuildConfiguration;
			buildSettings = {
				BUNDLE_LOADER = "$(TEST_HOST)";
				CODE_SIGN_STYLE = Automatic;
				CURRENT_PROJECT_VERSION = 1;
				DEVELOPMENT_TEAM = A5LBYGCGKX;
				GENERATE_INFOPLIST_FILE = YES;
				IPHONEOS_DEPLOYMENT_TARGET = 15.4;
				MARKETING_VERSION = 1.0;
				PRODUCT_BUNDLE_IDENTIFIER = com.tistory.bicycleforthemind.JSONParsingTests;
				PRODUCT_NAME = "$(TARGET_NAME)";
				SWIFT_EMIT_LOC_STRINGS = NO;
				SWIFT_VERSION = 5.0;
				TARGETED_DEVICE_FAMILY = "1,2";
				TEST_HOST = "$(BUILT_PRODUCTS_DIR)/NewOpenMarket.app/NewOpenMarket";
			};
			name = Release;
		};
/* End XCBuildConfiguration section */

/* Begin XCConfigurationList section */
		C1F5A83127FD70CB00AEDF67 /* Build configuration list for PBXProject "NewOpenMarket" */ = {
			isa = XCConfigurationList;
			buildConfigurations = (
				C1F5A84227FD70CC00AEDF67 /* Debug */,
				C1F5A84327FD70CC00AEDF67 /* Release */,
			);
			defaultConfigurationIsVisible = 0;
			defaultConfigurationName = Release;
		};
		C1F5A84427FD70CC00AEDF67 /* Build configuration list for PBXNativeTarget "NewOpenMarket" */ = {
			isa = XCConfigurationList;
			buildConfigurations = (
				C1F5A84527FD70CC00AEDF67 /* Debug */,
				C1F5A84627FD70CC00AEDF67 /* Release */,
			);
			defaultConfigurationIsVisible = 0;
			defaultConfigurationName = Release;
		};
		C1F5A86427FD986E00AEDF67 /* Build configuration list for PBXNativeTarget "UnitTests" */ = {
			isa = XCConfigurationList;
			buildConfigurations = (
				C1F5A86527FD986E00AEDF67 /* Debug */,
				C1F5A86627FD986E00AEDF67 /* Release */,
			);
			defaultConfigurationIsVisible = 0;
			defaultConfigurationName = Release;
		};
/* End XCConfigurationList section */
	};
	rootObject = C1F5A82E27FD70CB00AEDF67 /* Project object */;
}
